// !$*UTF8*$!
{
	archiveVersion = 1;
	classes = {
	};
	objectVersion = 56;
	objects = {

/* Begin PBXBuildFile section */
		F7A00B4E29A13DB700347C2C /* AppDelegate.swift in Sources */ = {isa = PBXBuildFile; fileRef = F7A00B4D29A13DB700347C2C /* AppDelegate.swift */; };
		F7A00B5029A13DB700347C2C /* SceneDelegate.swift in Sources */ = {isa = PBXBuildFile; fileRef = F7A00B4F29A13DB700347C2C /* SceneDelegate.swift */; };
		F7A00B5229A13DB700347C2C /* ViewController.swift in Sources */ = {isa = PBXBuildFile; fileRef = F7A00B5129A13DB700347C2C /* ViewController.swift */; };
		F7A00B5529A13DB700347C2C /* Main.storyboard in Resources */ = {isa = PBXBuildFile; fileRef = F7A00B5329A13DB700347C2C /* Main.storyboard */; };
		F7A00B5729A13DB700347C2C /* Assets.xcassets in Resources */ = {isa = PBXBuildFile; fileRef = F7A00B5629A13DB700347C2C /* Assets.xcassets */; };
		F7A00B5A29A13DB700347C2C /* LaunchScreen.storyboard in Resources */ = {isa = PBXBuildFile; fileRef = F7A00B5829A13DB700347C2C /* LaunchScreen.storyboard */; };
		F7A00B6529A13DB800347C2C /* Social_MediatTests.swift in Sources */ = {isa = PBXBuildFile; fileRef = F7A00B6429A13DB800347C2C /* Social_MediatTests.swift */; };
		F7A00B6F29A13DB800347C2C /* Social_MediatUITests.swift in Sources */ = {isa = PBXBuildFile; fileRef = F7A00B6E29A13DB800347C2C /* Social_MediatUITests.swift */; };
		F7A00B7129A13DB800347C2C /* Social_MediatUITestsLaunchTests.swift in Sources */ = {isa = PBXBuildFile; fileRef = F7A00B7029A13DB800347C2C /* Social_MediatUITestsLaunchTests.swift */; };
/* End PBXBuildFile section */

/* Begin PBXContainerItemProxy section */
		F7A00B6129A13DB800347C2C /* PBXContainerItemProxy */ = {
			isa = PBXContainerItemProxy;
			containerPortal = F7A00B4229A13DB700347C2C /* Project object */;
			proxyType = 1;
			remoteGlobalIDString = F7A00B4929A13DB700347C2C;
			remoteInfo = "Social Mediat";
		};
		F7A00B6B29A13DB800347C2C /* PBXContainerItemProxy */ = {
			isa = PBXContainerItemProxy;
			containerPortal = F7A00B4229A13DB700347C2C /* Project object */;
			proxyType = 1;
			remoteGlobalIDString = F7A00B4929A13DB700347C2C;
			remoteInfo = "Social Mediat";
		};
/* End PBXContainerItemProxy section */

/* Begin PBXFileReference section */
		F7A00B4A29A13DB700347C2C /* Social Mediat.app */ = {isa = PBXFileReference; explicitFileType = wrapper.application; includeInIndex = 0; path = "Social Mediat.app"; sourceTree = BUILT_PRODUCTS_DIR; };
		F7A00B4D29A13DB700347C2C /* AppDelegate.swift */ = {isa = PBXFileReference; lastKnownFileType = sourcecode.swift; path = AppDelegate.swift; sourceTree = "<group>"; };
		F7A00B4F29A13DB700347C2C /* SceneDelegate.swift */ = {isa = PBXFileReference; lastKnownFileType = sourcecode.swift; path = SceneDelegate.swift; sourceTree = "<group>"; };
		F7A00B5129A13DB700347C2C /* ViewController.swift */ = {isa = PBXFileReference; lastKnownFileType = sourcecode.swift; path = ViewController.swift; sourceTree = "<group>"; };
		F7A00B5429A13DB700347C2C /* Base */ = {isa = PBXFileReference; lastKnownFileType = file.storyboard; name = Base; path = Base.lproj/Main.storyboard; sourceTree = "<group>"; };
		F7A00B5629A13DB700347C2C /* Assets.xcassets */ = {isa = PBXFileReference; lastKnownFileType = folder.assetcatalog; path = Assets.xcassets; sourceTree = "<group>"; };
		F7A00B5929A13DB700347C2C /* Base */ = {isa = PBXFileReference; lastKnownFileType = file.storyboard; name = Base; path = Base.lproj/LaunchScreen.storyboard; sourceTree = "<group>"; };
		F7A00B5B29A13DB700347C2C /* Info.plist */ = {isa = PBXFileReference; lastKnownFileType = text.plist.xml; path = Info.plist; sourceTree = "<group>"; };
		F7A00B6029A13DB800347C2C /* Social MediatTests.xctest */ = {isa = PBXFileReference; explicitFileType = wrapper.cfbundle; includeInIndex = 0; path = "Social MediatTests.xctest"; sourceTree = BUILT_PRODUCTS_DIR; };
		F7A00B6429A13DB800347C2C /* Social_MediatTests.swift */ = {isa = PBXFileReference; lastKnownFileType = sourcecode.swift; path = Social_MediatTests.swift; sourceTree = "<group>"; };
		F7A00B6A29A13DB800347C2C /* Social MediatUITests.xctest */ = {isa = PBXFileReference; explicitFileType = wrapper.cfbundle; includeInIndex = 0; path = "Social MediatUITests.xctest"; sourceTree = BUILT_PRODUCTS_DIR; };
		F7A00B6E29A13DB800347C2C /* Social_MediatUITests.swift */ = {isa = PBXFileReference; lastKnownFileType = sourcecode.swift; path = Social_MediatUITests.swift; sourceTree = "<group>"; };
		F7A00B7029A13DB800347C2C /* Social_MediatUITestsLaunchTests.swift */ = {isa = PBXFileReference; lastKnownFileType = sourcecode.swift; path = Social_MediatUITestsLaunchTests.swift; sourceTree = "<group>"; };
/* End PBXFileReference section */

/* Begin PBXFrameworksBuildPhase section */
		F7A00B4729A13DB700347C2C /* Frameworks */ = {
			isa = PBXFrameworksBuildPhase;
			buildActionMask = 2147483647;
			files = (
			);
			runOnlyForDeploymentPostprocessing = 0;
		};
		F7A00B5D29A13DB800347C2C /* Frameworks */ = {
			isa = PBXFrameworksBuildPhase;
			buildActionMask = 2147483647;
			files = (
			);
			runOnlyForDeploymentPostprocessing = 0;
		};
		F7A00B6729A13DB800347C2C /* Frameworks */ = {
			isa = PBXFrameworksBuildPhase;
			buildActionMask = 2147483647;
			files = (
			);
			runOnlyForDeploymentPostprocessing = 0;
		};
/* End PBXFrameworksBuildPhase section */

/* Begin PBXGroup section */
		F7A00B4129A13DB700347C2C = {
			isa = PBXGroup;
			children = (
				F7A00B4C29A13DB700347C2C /* Social Mediat */,
				F7A00B6329A13DB800347C2C /* Social MediatTests */,
				F7A00B6D29A13DB800347C2C /* Social MediatUITests */,
				F7A00B4B29A13DB700347C2C /* Products */,
			);
			sourceTree = "<group>";
		};
		F7A00B4B29A13DB700347C2C /* Products */ = {
			isa = PBXGroup;
			children = (
				F7A00B4A29A13DB700347C2C /* Social Mediat.app */,
				F7A00B6029A13DB800347C2C /* Social MediatTests.xctest */,
				F7A00B6A29A13DB800347C2C /* Social MediatUITests.xctest */,
			);
			name = Products;
			sourceTree = "<group>";
		};
		F7A00B4C29A13DB700347C2C /* Social Mediat */ = {
			isa = PBXGroup;
			children = (
				F7A00B4D29A13DB700347C2C /* AppDelegate.swift */,
				F7A00B4F29A13DB700347C2C /* SceneDelegate.swift */,
				F7A00B5129A13DB700347C2C /* ViewController.swift */,
				F7A00B5329A13DB700347C2C /* Main.storyboard */,
				F7A00B5629A13DB700347C2C /* Assets.xcassets */,
				F7A00B5829A13DB700347C2C /* LaunchScreen.storyboard */,
				F7A00B5B29A13DB700347C2C /* Info.plist */,
			);
			path = "Social Mediat";
			sourceTree = "<group>";
		};
		F7A00B6329A13DB800347C2C /* Social MediatTests */ = {
			isa = PBXGroup;
			children = (
				F7A00B6429A13DB800347C2C /* Social_MediatTests.swift */,
			);
			path = "Social MediatTests";
			sourceTree = "<group>";
		};
		F7A00B6D29A13DB800347C2C /* Social MediatUITests */ = {
			isa = PBXGroup;
			children = (
				F7A00B6E29A13DB800347C2C /* Social_MediatUITests.swift */,
				F7A00B7029A13DB800347C2C /* Social_MediatUITestsLaunchTests.swift */,
			);
			path = "Social MediatUITests";
			sourceTree = "<group>";
		};
/* End PBXGroup section */

/* Begin PBXNativeTarget section */
		F7A00B4929A13DB700347C2C /* Social Mediat */ = {
			isa = PBXNativeTarget;
			buildConfigurationList = F7A00B7429A13DB800347C2C /* Build configuration list for PBXNativeTarget "Social Mediat" */;
			buildPhases = (
				F7A00B4629A13DB700347C2C /* Sources */,
				F7A00B4729A13DB700347C2C /* Frameworks */,
				F7A00B4829A13DB700347C2C /* Resources */,
			);
			buildRules = (
			);
			dependencies = (
			);
			name = "Social Mediat";
			productName = "Social Mediat";
			productReference = F7A00B4A29A13DB700347C2C /* Social Mediat.app */;
			productType = "com.apple.product-type.application";
		};
		F7A00B5F29A13DB800347C2C /* Social MediatTests */ = {
			isa = PBXNativeTarget;
			buildConfigurationList = F7A00B7729A13DB800347C2C /* Build configuration list for PBXNativeTarget "Social MediatTests" */;
			buildPhases = (
				F7A00B5C29A13DB800347C2C /* Sources */,
				F7A00B5D29A13DB800347C2C /* Frameworks */,
				F7A00B5E29A13DB800347C2C /* Resources */,
			);
			buildRules = (
			);
			dependencies = (
				F7A00B6229A13DB800347C2C /* PBXTargetDependency */,
			);
			name = "Social MediatTests";
			productName = "Social MediatTests";
			productReference = F7A00B6029A13DB800347C2C /* Social MediatTests.xctest */;
			productType = "com.apple.product-type.bundle.unit-test";
		};
		F7A00B6929A13DB800347C2C /* Social MediatUITests */ = {
			isa = PBXNativeTarget;
			buildConfigurationList = F7A00B7A29A13DB800347C2C /* Build configuration list for PBXNativeTarget "Social MediatUITests" */;
			buildPhases = (
				F7A00B6629A13DB800347C2C /* Sources */,
				F7A00B6729A13DB800347C2C /* Frameworks */,
				F7A00B6829A13DB800347C2C /* Resources */,
			);
			buildRules = (
			);
			dependencies = (
				F7A00B6C29A13DB800347C2C /* PBXTargetDependency */,
			);
			name = "Social MediatUITests";
			productName = "Social MediatUITests";
			productReference = F7A00B6A29A13DB800347C2C /* Social MediatUITests.xctest */;
			productType = "com.apple.product-type.bundle.ui-testing";
		};
/* End PBXNativeTarget section */

/* Begin PBXProject section */
		F7A00B4229A13DB700347C2C /* Project object */ = {
			isa = PBXProject;
			attributes = {
				BuildIndependentTargetsInParallel = 1;
				LastSwiftUpdateCheck = 1410;
				LastUpgradeCheck = 1410;
				TargetAttributes = {
					F7A00B4929A13DB700347C2C = {
						CreatedOnToolsVersion = 14.1;
					};
					F7A00B5F29A13DB800347C2C = {
						CreatedOnToolsVersion = 14.1;
						TestTargetID = F7A00B4929A13DB700347C2C;
					};
					F7A00B6929A13DB800347C2C = {
						CreatedOnToolsVersion = 14.1;
						TestTargetID = F7A00B4929A13DB700347C2C;
					};
				};
			};
			buildConfigurationList = F7A00B4529A13DB700347C2C /* Build configuration list for PBXProject "Social Mediat" */;
			compatibilityVersion = "Xcode 14.0";
			developmentRegion = en;
			hasScannedForEncodings = 0;
			knownRegions = (
				en,
				Base,
			);
			mainGroup = F7A00B4129A13DB700347C2C;
			productRefGroup = F7A00B4B29A13DB700347C2C /* Products */;
			projectDirPath = "";
			projectRoot = "";
			targets = (
				F7A00B4929A13DB700347C2C /* Social Mediat */,
				F7A00B5F29A13DB800347C2C /* Social MediatTests */,
				F7A00B6929A13DB800347C2C /* Social MediatUITests */,
			);
		};
/* End PBXProject section */

/* Begin PBXResourcesBuildPhase section */
		F7A00B4829A13DB700347C2C /* Resources */ = {
			isa = PBXResourcesBuildPhase;
			buildActionMask = 2147483647;
			files = (
				F7A00B5A29A13DB700347C2C /* LaunchScreen.storyboard in Resources */,
				F7A00B5729A13DB700347C2C /* Assets.xcassets in Resources */,
				F7A00B5529A13DB700347C2C /* Main.storyboard in Resources */,
			);
			runOnlyForDeploymentPostprocessing = 0;
		};
		F7A00B5E29A13DB800347C2C /* Resources */ = {
			isa = PBXResourcesBuildPhase;
			buildActionMask = 2147483647;
			files = (
			);
			runOnlyForDeploymentPostprocessing = 0;
		};
		F7A00B6829A13DB800347C2C /* Resources */ = {
			isa = PBXResourcesBuildPhase;
			buildActionMask = 2147483647;
			files = (
			);
			runOnlyForDeploymentPostprocessing = 0;
		};
/* End PBXResourcesBuildPhase section */

/* Begin PBXSourcesBuildPhase section */
		F7A00B4629A13DB700347C2C /* Sources */ = {
			isa = PBXSourcesBuildPhase;
			buildActionMask = 2147483647;
			files = (
				F7A00B5229A13DB700347C2C /* ViewController.swift in Sources */,
				F7A00B4E29A13DB700347C2C /* AppDelegate.swift in Sources */,
				F7A00B5029A13DB700347C2C /* SceneDelegate.swift in Sources */,
			);
			runOnlyForDeploymentPostprocessing = 0;
		};
		F7A00B5C29A13DB800347C2C /* Sources */ = {
			isa = PBXSourcesBuildPhase;
			buildActionMask = 2147483647;
			files = (
				F7A00B6529A13DB800347C2C /* Social_MediatTests.swift in Sources */,
			);
			runOnlyForDeploymentPostprocessing = 0;
		};
		F7A00B6629A13DB800347C2C /* Sources */ = {
			isa = PBXSourcesBuildPhase;
			buildActionMask = 2147483647;
			files = (
				F7A00B6F29A13DB800347C2C /* Social_MediatUITests.swift in Sources */,
				F7A00B7129A13DB800347C2C /* Social_MediatUITestsLaunchTests.swift in Sources */,
			);
			runOnlyForDeploymentPostprocessing = 0;
		};
/* End PBXSourcesBuildPhase section */

/* Begin PBXTargetDependency section */
		F7A00B6229A13DB800347C2C /* PBXTargetDependency */ = {
			isa = PBXTargetDependency;
			target = F7A00B4929A13DB700347C2C /* Social Mediat */;
			targetProxy = F7A00B6129A13DB800347C2C /* PBXContainerItemProxy */;
		};
		F7A00B6C29A13DB800347C2C /* PBXTargetDependency */ = {
			isa = PBXTargetDependency;
			target = F7A00B4929A13DB700347C2C /* Social Mediat */;
			targetProxy = F7A00B6B29A13DB800347C2C /* PBXContainerItemProxy */;
		};
/* End PBXTargetDependency section */

/* Begin PBXVariantGroup section */
		F7A00B5329A13DB700347C2C /* Main.storyboard */ = {
			isa = PBXVariantGroup;
			children = (
				F7A00B5429A13DB700347C2C /* Base */,
			);
			name = Main.storyboard;
			sourceTree = "<group>";
		};
		F7A00B5829A13DB700347C2C /* LaunchScreen.storyboard */ = {
			isa = PBXVariantGroup;
			children = (
				F7A00B5929A13DB700347C2C /* Base */,
			);
			name = LaunchScreen.storyboard;
			sourceTree = "<group>";
		};
/* End PBXVariantGroup section */

/* Begin XCBuildConfiguration section */
		F7A00B7229A13DB800347C2C /* Debug */ = {
			isa = XCBuildConfiguration;
			buildSettings = {
				ALWAYS_SEARCH_USER_PATHS = NO;
				CLANG_ANALYZER_NONNULL = YES;
				CLANG_ANALYZER_NUMBER_OBJECT_CONVERSION = YES_AGGRESSIVE;
				CLANG_CXX_LANGUAGE_STANDARD = "gnu++20";
				CLANG_ENABLE_MODULES = YES;
				CLANG_ENABLE_OBJC_ARC = YES;
				CLANG_ENABLE_OBJC_WEAK = YES;
				CLANG_WARN_BLOCK_CAPTURE_AUTORELEASING = YES;
				CLANG_WARN_BOOL_CONVERSION = YES;
				CLANG_WARN_COMMA = YES;
				CLANG_WARN_CONSTANT_CONVERSION = YES;
				CLANG_WARN_DEPRECATED_OBJC_IMPLEMENTATIONS = YES;
				CLANG_WARN_DIRECT_OBJC_ISA_USAGE = YES_ERROR;
				CLANG_WARN_DOCUMENTATION_COMMENTS = YES;
				CLANG_WARN_EMPTY_BODY = YES;
				CLANG_WARN_ENUM_CONVERSION = YES;
				CLANG_WARN_INFINITE_RECURSION = YES;
				CLANG_WARN_INT_CONVERSION = YES;
				CLANG_WARN_NON_LITERAL_NULL_CONVERSION = YES;
				CLANG_WARN_OBJC_IMPLICIT_RETAIN_SELF = YES;
				CLANG_WARN_OBJC_LITERAL_CONVERSION = YES;
				CLANG_WARN_OBJC_ROOT_CLASS = YES_ERROR;
				CLANG_WARN_QUOTED_INCLUDE_IN_FRAMEWORK_HEADER = YES;
				CLANG_WARN_RANGE_LOOP_ANALYSIS = YES;
				CLANG_WARN_STRICT_PROTOTYPES = YES;
				CLANG_WARN_SUSPICIOUS_MOVE = YES;
				CLANG_WARN_UNGUARDED_AVAILABILITY = YES_AGGRESSIVE;
				CLANG_WARN_UNREACHABLE_CODE = YES;
				CLANG_WARN__DUPLICATE_METHOD_MATCH = YES;
				COPY_PHASE_STRIP = NO;
				DEBUG_INFORMATION_FORMAT = dwarf;
				ENABLE_STRICT_OBJC_MSGSEND = YES;
				ENABLE_TESTABILITY = YES;
				GCC_C_LANGUAGE_STANDARD = gnu11;
				GCC_DYNAMIC_NO_PIC = NO;
				GCC_NO_COMMON_BLOCKS = YES;
				GCC_OPTIMIZATION_LEVEL = 0;
				GCC_PREPROCESSOR_DEFINITIONS = (
					"DEBUG=1",
					"$(inherited)",
				);
				GCC_WARN_64_TO_32_BIT_CONVERSION = YES;
				GCC_WARN_ABOUT_RETURN_TYPE = YES_ERROR;
				GCC_WARN_UNDECLARED_SELECTOR = YES;
				GCC_WARN_UNINITIALIZED_AUTOS = YES_AGGRESSIVE;
				GCC_WARN_UNUSED_FUNCTION = YES;
				GCC_WARN_UNUSED_VARIABLE = YES;
				IPHONEOS_DEPLOYMENT_TARGET = 16.1;
				MTL_ENABLE_DEBUG_INFO = INCLUDE_SOURCE;
				MTL_FAST_MATH = YES;
				ONLY_ACTIVE_ARCH = YES;
				SDKROOT = iphoneos;
				SWIFT_ACTIVE_COMPILATION_CONDITIONS = DEBUG;
				SWIFT_OPTIMIZATION_LEVEL = "-Onone";
			};
			name = Debug;
		};
		F7A00B7329A13DB800347C2C /* Release */ = {
			isa = XCBuildConfiguration;
			buildSettings = {
				ALWAYS_SEARCH_USER_PATHS = NO;
				CLANG_ANALYZER_NONNULL = YES;
				CLANG_ANALYZER_NUMBER_OBJECT_CONVERSION = YES_AGGRESSIVE;
				CLANG_CXX_LANGUAGE_STANDARD = "gnu++20";
				CLANG_ENABLE_MODULES = YES;
				CLANG_ENABLE_OBJC_ARC = YES;
				CLANG_ENABLE_OBJC_WEAK = YES;
				CLANG_WARN_BLOCK_CAPTURE_AUTORELEASING = YES;
				CLANG_WARN_BOOL_CONVERSION = YES;
				CLANG_WARN_COMMA = YES;
				CLANG_WARN_CONSTANT_CONVERSION = YES;
				CLANG_WARN_DEPRECATED_OBJC_IMPLEMENTATIONS = YES;
				CLANG_WARN_DIRECT_OBJC_ISA_USAGE = YES_ERROR;
				CLANG_WARN_DOCUMENTATION_COMMENTS = YES;
				CLANG_WARN_EMPTY_BODY = YES;
				CLANG_WARN_ENUM_CONVERSION = YES;
				CLANG_WARN_INFINITE_RECURSION = YES;
				CLANG_WARN_INT_CONVERSION = YES;
				CLANG_WARN_NON_LITERAL_NULL_CONVERSION = YES;
				CLANG_WARN_OBJC_IMPLICIT_RETAIN_SELF = YES;
				CLANG_WARN_OBJC_LITERAL_CONVERSION = YES;
				CLANG_WARN_OBJC_ROOT_CLASS = YES_ERROR;
				CLANG_WARN_QUOTED_INCLUDE_IN_FRAMEWORK_HEADER = YES;
				CLANG_WARN_RANGE_LOOP_ANALYSIS = YES;
				CLANG_WARN_STRICT_PROTOTYPES = YES;
				CLANG_WARN_SUSPICIOUS_MOVE = YES;
				CLANG_WARN_UNGUARDED_AVAILABILITY = YES_AGGRESSIVE;
				CLANG_WARN_UNREACHABLE_CODE = YES;
				CLANG_WARN__DUPLICATE_METHOD_MATCH = YES;
				COPY_PHASE_STRIP = NO;
				DEBUG_INFORMATION_FORMAT = "dwarf-with-dsym";
				ENABLE_NS_ASSERTIONS = NO;
				ENABLE_STRICT_OBJC_MSGSEND = YES;
				GCC_C_LANGUAGE_STANDARD = gnu11;
				GCC_NO_COMMON_BLOCKS = YES;
				GCC_WARN_64_TO_32_BIT_CONVERSION = YES;
				GCC_WARN_ABOUT_RETURN_TYPE = YES_ERROR;
				GCC_WARN_UNDECLARED_SELECTOR = YES;
				GCC_WARN_UNINITIALIZED_AUTOS = YES_AGGRESSIVE;
				GCC_WARN_UNUSED_FUNCTION = YES;
				GCC_WARN_UNUSED_VARIABLE = YES;
				IPHONEOS_DEPLOYMENT_TARGET = 16.1;
				MTL_ENABLE_DEBUG_INFO = NO;
				MTL_FAST_MATH = YES;
				SDKROOT = iphoneos;
				SWIFT_COMPILATION_MODE = wholemodule;
				SWIFT_OPTIMIZATION_LEVEL = "-O";
				VALIDATE_PRODUCT = YES;
			};
			name = Release;
		};
		F7A00B7529A13DB800347C2C /* Debug */ = {
			isa = XCBuildConfiguration;
			buildSettings = {
				ASSETCATALOG_COMPILER_APPICON_NAME = AppIcon;
				ASSETCATALOG_COMPILER_GLOBAL_ACCENT_COLOR_NAME = AccentColor;
				CODE_SIGN_STYLE = Automatic;
				CURRENT_PROJECT_VERSION = 1;
				DEVELOPMENT_TEAM = TP8LF837KP;
				GENERATE_INFOPLIST_FILE = YES;
				INFOPLIST_FILE = "Social Mediat/Info.plist";
				INFOPLIST_KEY_UIApplicationSupportsIndirectInputEvents = YES;
				INFOPLIST_KEY_UILaunchStoryboardName = LaunchScreen;
				INFOPLIST_KEY_UIMainStoryboardFile = Main;
				INFOPLIST_KEY_UISupportedInterfaceOrientations_iPad = "UIInterfaceOrientationPortrait UIInterfaceOrientationPortraitUpsideDown UIInterfaceOrientationLandscapeLeft UIInterfaceOrientationLandscapeRight";
				INFOPLIST_KEY_UISupportedInterfaceOrientations_iPhone = "UIInterfaceOrientationPortrait UIInterfaceOrientationLandscapeLeft UIInterfaceOrientationLandscapeRight";
				LD_RUNPATH_SEARCH_PATHS = (
					"$(inherited)",
					"@executable_path/Frameworks",
				);
				MARKETING_VERSION = 1.0;
				PRODUCT_BUNDLE_IDENTIFIER = "com.future.Social-Mediat";
				PRODUCT_NAME = "$(TARGET_NAME)";
				SWIFT_EMIT_LOC_STRINGS = YES;
				SWIFT_VERSION = 5.0;
				TARGETED_DEVICE_FAMILY = "1,2";
			};
			name = Debug;
		};
		F7A00B7629A13DB800347C2C /* Release */ = {
			isa = XCBuildConfiguration;
			buildSettings = {
				ASSETCATALOG_COMPILER_APPICON_NAME = AppIcon;
				ASSETCATALOG_COMPILER_GLOBAL_ACCENT_COLOR_NAME = AccentColor;
				CODE_SIGN_STYLE = Automatic;
				CURRENT_PROJECT_VERSION = 1;
				DEVELOPMENT_TEAM = TP8LF837KP;
				GENERATE_INFOPLIST_FILE = YES;
				INFOPLIST_FILE = "Social Mediat/Info.plist";
				INFOPLIST_KEY_UIApplicationSupportsIndirectInputEvents = YES;
				INFOPLIST_KEY_UILaunchStoryboardName = LaunchScreen;
				INFOPLIST_KEY_UIMainStoryboardFile = Main;
				INFOPLIST_KEY_UISupportedInterfaceOrientations_iPad = "UIInterfaceOrientationPortrait UIInterfaceOrientationPortraitUpsideDown UIInterfaceOrientationLandscapeLeft UIInterfaceOrientationLandscapeRight";
				INFOPLIST_KEY_UISupportedInterfaceOrientations_iPhone = "UIInterfaceOrientationPortrait UIInterfaceOrientationLandscapeLeft UIInterfaceOrientationLandscapeRight";
				LD_RUNPATH_SEARCH_PATHS = (
					"$(inherited)",
					"@executable_path/Frameworks",
				);
				MARKETING_VERSION = 1.0;
				PRODUCT_BUNDLE_IDENTIFIER = "com.future.Social-Mediat";
				PRODUCT_NAME = "$(TARGET_NAME)";
				SWIFT_EMIT_LOC_STRINGS = YES;
				SWIFT_VERSION = 5.0;
				TARGETED_DEVICE_FAMILY = "1,2";
			};
			name = Release;
		};
		F7A00B7829A13DB800347C2C /* Debug */ = {
			isa = XCBuildConfiguration;
			buildSettings = {
				ALWAYS_EMBED_SWIFT_STANDARD_LIBRARIES = YES;
				BUNDLE_LOADER = "$(TEST_HOST)";
				CODE_SIGN_STYLE = Automatic;
				CURRENT_PROJECT_VERSION = 1;
				DEVELOPMENT_TEAM = TP8LF837KP;
				GENERATE_INFOPLIST_FILE = YES;
				IPHONEOS_DEPLOYMENT_TARGET = 16.1;
				MARKETING_VERSION = 1.0;
				PRODUCT_BUNDLE_IDENTIFIER = "com.future.Social-MediatTests";
				PRODUCT_NAME = "$(TARGET_NAME)";
				SWIFT_EMIT_LOC_STRINGS = NO;
				SWIFT_VERSION = 5.0;
				TARGETED_DEVICE_FAMILY = "1,2";
				TEST_HOST = "$(BUILT_PRODUCTS_DIR)/Social Mediat.app/$(BUNDLE_EXECUTABLE_FOLDER_PATH)/Social Mediat";
			};
			name = Debug;
		};
		F7A00B7929A13DB800347C2C /* Release */ = {
			isa = XCBuildConfiguration;
			buildSettings = {
				ALWAYS_EMBED_SWIFT_STANDARD_LIBRARIES = YES;
				BUNDLE_LOADER = "$(TEST_HOST)";
				CODE_SIGN_STYLE = Automatic;
				CURRENT_PROJECT_VERSION = 1;
				DEVELOPMENT_TEAM = TP8LF837KP;
				GENERATE_INFOPLIST_FILE = YES;
				IPHONEOS_DEPLOYMENT_TARGET = 16.1;
				MARKETING_VERSION = 1.0;
				PRODUCT_BUNDLE_IDENTIFIER = "com.future.Social-MediatTests";
				PRODUCT_NAME = "$(TARGET_NAME)";
				SWIFT_EMIT_LOC_STRINGS = NO;
				SWIFT_VERSION = 5.0;
				TARGETED_DEVICE_FAMILY = "1,2";
				TEST_HOST = "$(BUILT_PRODUCTS_DIR)/Social Mediat.app/$(BUNDLE_EXECUTABLE_FOLDER_PATH)/Social Mediat";
			};
			name = Release;
		};
		F7A00B7B29A13DB800347C2C /* Debug */ = {
			isa = XCBuildConfiguration;
			buildSettings = {
				ALWAYS_EMBED_SWIFT_STANDARD_LIBRARIES = YES;
				CODE_SIGN_STYLE = Automatic;
				CURRENT_PROJECT_VERSION = 1;
				DEVELOPMENT_TEAM = TP8LF837KP;
				GENERATE_INFOPLIST_FILE = YES;
				MARKETING_VERSION = 1.0;
				PRODUCT_BUNDLE_IDENTIFIER = "com.future.Social-MediatUITests";
				PRODUCT_NAME = "$(TARGET_NAME)";
				SWIFT_EMIT_LOC_STRINGS = NO;
				SWIFT_VERSION = 5.0;
				TARGETED_DEVICE_FAMILY = "1,2";
				TEST_TARGET_NAME = "Social Mediat";
			};
			name = Debug;
		};
		F7A00B7C29A13DB800347C2C /* Release */ = {
			isa = XCBuildConfiguration;
			buildSettings = {
				ALWAYS_EMBED_SWIFT_STANDARD_LIBRARIES = YES;
				CODE_SIGN_STYLE = Automatic;
				CURRENT_PROJECT_VERSION = 1;
				DEVELOPMENT_TEAM = TP8LF837KP;
				GENERATE_INFOPLIST_FILE = YES;
				MARKETING_VERSION = 1.0;
				PRODUCT_BUNDLE_IDENTIFIER = "com.future.Social-MediatUITests";
				PRODUCT_NAME = "$(TARGET_NAME)";
				SWIFT_EMIT_LOC_STRINGS = NO;
				SWIFT_VERSION = 5.0;
				TARGETED_DEVICE_FAMILY = "1,2";
				TEST_TARGET_NAME = "Social Mediat";
			};
			name = Release;
		};
/* End XCBuildConfiguration section */

/* Begin XCConfigurationList section */
		F7A00B4529A13DB700347C2C /* Build configuration list for PBXProject "Social Mediat" */ = {
			isa = XCConfigurationList;
			buildConfigurations = (
				F7A00B7229A13DB800347C2C /* Debug */,
				F7A00B7329A13DB800347C2C /* Release */,
			);
			defaultConfigurationIsVisible = 0;
			defaultConfigurationName = Release;
		};
		F7A00B7429A13DB800347C2C /* Build configuration list for PBXNativeTarget "Social Mediat" */ = {
			isa = XCConfigurationList;
			buildConfigurations = (
				F7A00B7529A13DB800347C2C /* Debug */,
				F7A00B7629A13DB800347C2C /* Release */,
			);
			defaultConfigurationIsVisible = 0;
			defaultConfigurationName = Release;
		};
		F7A00B7729A13DB800347C2C /* Build configuration list for PBXNativeTarget "Social MediatTests" */ = {
			isa = XCConfigurationList;
			buildConfigurations = (
				F7A00B7829A13DB800347C2C /* Debug */,
				F7A00B7929A13DB800347C2C /* Release */,
			);
			defaultConfigurationIsVisible = 0;
			defaultConfigurationName = Release;
		};
		F7A00B7A29A13DB800347C2C /* Build configuration list for PBXNativeTarget "Social MediatUITests" */ = {
			isa = XCConfigurationList;
			buildConfigurations = (
				F7A00B7B29A13DB800347C2C /* Debug */,
				F7A00B7C29A13DB800347C2C /* Release */,
			);
			defaultConfigurationIsVisible = 0;
			defaultConfigurationName = Release;
		};
/* End XCConfigurationList section */
	};
	rootObject = F7A00B4229A13DB700347C2C /* Project object */;
}
